
Microsoft Visual Studio Solution File, Format Version 12.00
# Visual Studio Version 16
VisualStudioVersion = 16.0.30804.86
MinimumVisualStudioVersion = 10.0.40219.1
Project("{9A19103F-16F7-4668-BE54-9A1E7A4F7556}") = "KampIntro", "KampIntro\KampIntro.csproj", "{B6144361-3284-41EC-A2B1-7CB5DACB2EE3}"
EndProject
Project("{9A19103F-16F7-4668-BE54-9A1E7A4F7556}") = "Donguler", "Donguler\Donguler.csproj", "{EDAB4A08-32E4-4DCF-8A86-760396658069}"
EndProject
Project("{9A19103F-16F7-4668-BE54-9A1E7A4F7556}") = "ClassIntro", "ClassIntro\ClassIntro.csproj", "{0155BB58-0125-4270-B9F5-F7E713D54D4E}"
EndProject
Project("{9A19103F-16F7-4668-BE54-9A1E7A4F7556}") = "Metotlar", "Metotlar\Metotlar.csproj", "{6BF58BC3-5024-44BD-9408-D40E1ECF3BBA}"
EndProject
Project("{9A19103F-16F7-4668-BE54-9A1E7A4F7556}") = "Matematik", "Matematik\Matematik.csproj", "{D790646A-1017-4AAF-907C-447D3F1E1DA7}"
EndProject
Project("{FAE04EC0-301F-11D3-BF4B-00C04F79EFBC}") = "DegerVeReferansTipler", "DegerVeReferansTipler\DegerVeReferansTipler.csproj", "{23DE26BC-5498-4AEA-B249-9D8185C377B0}"
EndProject
Global
	GlobalSection(SolutionConfigurationPlatforms) = preSolution
		Debug|Any CPU = Debug|Any CPU
		Release|Any CPU = Release|Any CPU
	EndGlobalSection
	GlobalSection(ProjectConfigurationPlatforms) = postSolution
		{B6144361-3284-41EC-A2B1-7CB5DACB2EE3}.Debug|Any CPU.ActiveCfg = Debug|Any CPU
		{B6144361-3284-41EC-A2B1-7CB5DACB2EE3}.Debug|Any CPU.Build.0 = Debug|Any CPU
		{B6144361-3284-41EC-A2B1-7CB5DACB2EE3}.Release|Any CPU.ActiveCfg = Release|Any CPU
		{B6144361-3284-41EC-A2B1-7CB5DACB2EE3}.Release|Any CPU.Build.0 = Release|Any CPU
		{EDAB4A08-32E4-4DCF-8A86-760396658069}.Debug|Any CPU.ActiveCfg = Debug|Any CPU
		{EDAB4A08-32E4-4DCF-8A86-760396658069}.Debug|Any CPU.Build.0 = Debug|Any CPU
		{EDAB4A08-32E4-4DCF-8A86-760396658069}.Release|Any CPU.ActiveCfg = Release|Any CPU
		{EDAB4A08-32E4-4DCF-8A86-760396658069}.Release|Any CPU.Build.0 = Release|Any CPU
		{0155BB58-0125-4270-B9F5-F7E713D54D4E}.Debug|Any CPU.ActiveCfg = Debug|Any CPU
		{0155BB58-0125-4270-B9F5-F7E713D54D4E}.Debug|Any CPU.Build.0 = Debug|Any CPU
		{0155BB58-0125-4270-B9F5-F7E713D54D4E}.Release|Any CPU.ActiveCfg = Release|Any CPU
		{0155BB58-0125-4270-B9F5-F7E713D54D4E}.Release|Any CPU.Build.0 = Release|Any CPU
		{6BF58BC3-5024-44BD-9408-D40E1ECF3BBA}.Debug|Any CPU.ActiveCfg = Debug|Any CPU
		{6BF58BC3-5024-44BD-9408-D40E1ECF3BBA}.Debug|Any CPU.Build.0 = Debug|Any CPU
		{6BF58BC3-5024-44BD-9408-D40E1ECF3BBA}.Release|Any CPU.ActiveCfg = Release|Any CPU
		{6BF58BC3-5024-44BD-9408-D40E1ECF3BBA}.Release|Any CPU.Build.0 = Release|Any CPU
		{D790646A-1017-4AAF-907C-447D3F1E1DA7}.Debug|Any CPU.ActiveCfg = Debug|Any CPU
		{D790646A-1017-4AAF-907C-447D3F1E1DA7}.Debug|Any CPU.Build.0 = Debug|Any CPU
		{D790646A-1017-4AAF-907C-447D3F1E1DA7}.Release|Any CPU.ActiveCfg = Release|Any CPU
		{D790646A-1017-4AAF-907C-447D3F1E1DA7}.Release|Any CPU.Build.0 = Release|Any CPU
		{23DE26BC-5498-4AEA-B249-9D8185C377B0}.Debug|Any CPU.ActiveCfg = Debug|Any CPU
		{23DE26BC-5498-4AEA-B249-9D8185C377B0}.Debug|Any CPU.Build.0 = Debug|Any CPU
		{23DE26BC-5498-4AEA-B249-9D8185C377B0}.Release|Any CPU.ActiveCfg = Release|Any CPU
		{23DE26BC-5498-4AEA-B249-9D8185C377B0}.Release|Any CPU.Build.0 = Release|Any CPU
	EndGlobalSection
	GlobalSection(SolutionProperties) = preSolution
		HideSolutionNode = FALSE
	EndGlobalSection
	GlobalSection(ExtensibilityGlobals) = postSolution
		SolutionGuid = {A2FBFAB5-495B-4EA0-9D89-C186E0315E43}
	EndGlobalSection
EndGlobal
